
Microsoft Visual Studio Solution File, Format Version 12.00
# Visual Studio Version 17
VisualStudioVersion = 17.9.34616.47
MinimumVisualStudioVersion = 10.0.40219.1
Project("{FAE04EC0-301F-11D3-BF4B-00C04F79EFBC}") = "GithubTest", "GithubTest\GithubTest.csproj", "{771FEF7C-B147-4FED-A485-42864429F733}"
EndProject
Global
	GlobalSection(SolutionConfigurationPlatforms) = preSolution
		Debug|Any CPU = Debug|Any CPU
		Release|Any CPU = Release|Any CPU
	EndGlobalSection
	GlobalSection(ProjectConfigurationPlatforms) = postSolution
		{771FEF7C-B147-4FED-A485-42864429F733}.Debug|Any CPU.ActiveCfg = Debug|Any CPU
		{771FEF7C-B147-4FED-A485-42864429F733}.Debug|Any CPU.Build.0 = Debug|Any CPU
		{771FEF7C-B147-4FED-A485-42864429F733}.Release|Any CPU.ActiveCfg = Release|Any CPU
		{771FEF7C-B147-4FED-A485-42864429F733}.Release|Any CPU.Build.0 = Release|Any CPU
	EndGlobalSection
	GlobalSection(SolutionProperties) = preSolution
		HideSolutionNode = FALSE
	EndGlobalSection
	GlobalSection(ExtensibilityGlobals) = postSolution
		SolutionGuid = {1461E460-18A0-48CB-9B1D-6E1B384479F6}
	EndGlobalSection
EndGlobal
